<?xml version="1.0" encoding="utf-8"?>
<Project ToolsVersion="4.0" xmlns="http://schemas.microsoft.com/developer/msbuild/2003">
  <ItemGroup>
    <Filter Include="Source Files">
      <UniqueIdentifier>{4FC737F1-C7A5-4376-A066-2A32D752A2FF}</UniqueIdentifier>
      <Extensions>cpp;c;cc;cxx;def;odl;idl;hpj;bat;asm;asmx</Extensions>
    </Filter>
    <Filter Include="Header Files">
      <UniqueIdentifier>{93995380-89BD-4b04-88EB-625FBE52EBFB}</UniqueIdentifier>
      <Extensions>h;hh;hpp;hxx;hm;inl;inc;ipp;xsd</Extensions>
    </Filter>
    <Filter Include="Resource Files">
      <UniqueIdentifier>{67DA6AB6-F800-4c08-8B7A-83BB121AAD01}</UniqueIdentifier>
      <Extensions>rc;ico;cur;bmp;dlg;rc2;rct;bin;rgs;gif;jpg;jpeg;jpe;resx;tiff;tif;png;wav;mfcribbon-ms</Extensions>
    </Filter>
    <Filter Include="PCH">
      <UniqueIdentifier>{65407bae-1075-4bdd-9dfd-acc5a636ec02}</UniqueIdentifier>
    </Filter>
    <Filter Include="Plugin">
      <UniqueIdentifier>{a1b543a5-c4b7-4cf1-8adf-c2f26cf59952}</UniqueIdentifier>
    </Filter>
    <Filter Include="Plugin\header">
      <UniqueIdentifier>{46d01869-81e6-496b-b2c1-aeeb13d6b983}</UniqueIdentifier>
    </Filter>
    <Filter Include="Plugin\src">
      <UniqueIdentifier>{33ae5c6a-718c-410e-bdb8-9c032f65c710}</UniqueIdentifier>
    </Filter>
  </ItemGroup>
  <ItemGroup>
    <ClCompile Include="pch.cpp">
      <Filter>PCH</Filter>
    </ClCompile>
    <ClCompile Include="IngameRank.cpp">
      <Filter>Plugin\src</Filter>
    </ClCompile>
    <ClCompile Include="Rankings.cpp">
      <Filter>Plugin\src</Filter>
    </ClCompile>
    <ClCompile Include="Render.cpp">
      <Filter>Plugin\src</Filter>
    </ClCompile>
    <ClCompile Include="GhostPlayers.cpp">
      <Filter>Plugin\src</Filter>
    </ClCompile>
    <ClCompile Include="ScoreboardPosition.cpp">
      <Filter>Plugin\src</Filter>
    </ClCompile>
  </ItemGroup>
  <ItemGroup>
    <ClInclude Include="version.h">
      <Filter>Header Files</Filter>
    </ClInclude>
    <ClInclude Include="pch.h">
      <Filter>PCH</Filter>
    </ClInclude>
    <ClInclude Include="IngameRank.h">
      <Filter>Plugin\header</Filter>
    </ClInclude>
    <ClInclude Include="logging.h">
      <Filter>Plugin\header</Filter>
    </ClInclude>
    <ClInclude Include="ScoreboardPosition.h">
      <Filter>Plugin\header</Filter>
    </ClInclude>
  </ItemGroup>
  <ItemGroup>
    <ResourceCompile Include="IngameRank.rc">
      <Filter>Resource Files</Filter>
    </ResourceCompile>
  </ItemGroup>
</Project>